
Microsoft Visual Studio Solution File, Format Version 12.00
# Visual Studio 15
VisualStudioVersion = 15.0.27703.2018
MinimumVisualStudioVersion = 10.0.40219.1
Project("{9A19103F-16F7-4668-BE54-9A1E7A4F7556}") = "SmsAmiable", "MvcMovie\SmsAmiable.csproj", "{FE58299B-C98F-441C-87DE-B6CB7ECAE446}"
EndProject
Global
	GlobalSection(SolutionConfigurationPlatforms) = preSolution
		Debug|Any CPU = Debug|Any CPU
		Release|Any CPU = Release|Any CPU
	EndGlobalSection
	GlobalSection(ProjectConfigurationPlatforms) = postSolution
		{FE58299B-C98F-441C-87DE-B6CB7ECAE446}.Debug|Any CPU.ActiveCfg = Debug|Any CPU
		{FE58299B-C98F-441C-87DE-B6CB7ECAE446}.Debug|Any CPU.Build.0 = Debug|Any CPU
		{FE58299B-C98F-441C-87DE-B6CB7ECAE446}.Release|Any CPU.ActiveCfg = Release|Any CPU
		{FE58299B-C98F-441C-87DE-B6CB7ECAE446}.Release|Any CPU.Build.0 = Release|Any CPU
	EndGlobalSection
	GlobalSection(SolutionProperties) = preSolution
		HideSolutionNode = FALSE
	EndGlobalSection
	GlobalSection(ExtensibilityGlobals) = postSolution
		SolutionGuid = {2997F823-3CAC-4A60-90E3-0F27A50E5752}
	EndGlobalSection
EndGlobal
